
Microsoft Visual Studio Solution File, Format Version 12.00
# Visual Studio Version 17
VisualStudioVersion = 17.3.32825.248
MinimumVisualStudioVersion = 10.0.40219.1
Project("{FAE04EC0-301F-11D3-BF4B-00C04F79EFBC}") = "A5", "A5.csproj", "{0884B6DA-89A6-4127-845E-19D26610DEDE}"
EndProject
Global
	GlobalSection(SolutionConfigurationPlatforms) = preSolution
		Debug|Any CPU = Debug|Any CPU
		Release|Any CPU = Release|Any CPU
	EndGlobalSection
	GlobalSection(ProjectConfigurationPlatforms) = postSolution
		{0884B6DA-89A6-4127-845E-19D26610DEDE}.Debug|Any CPU.ActiveCfg = Debug|Any CPU
		{0884B6DA-89A6-4127-845E-19D26610DEDE}.Debug|Any CPU.Build.0 = Debug|Any CPU
		{0884B6DA-89A6-4127-845E-19D26610DEDE}.Release|Any CPU.ActiveCfg = Release|Any CPU
		{0884B6DA-89A6-4127-845E-19D26610DEDE}.Release|Any CPU.Build.0 = Release|Any CPU
	EndGlobalSection
	GlobalSection(SolutionProperties) = preSolution
		HideSolutionNode = FALSE
	EndGlobalSection
	GlobalSection(ExtensibilityGlobals) = postSolution
		SolutionGuid = {5ADFF8E4-485B-4661-B942-448EB10827DC}
	EndGlobalSection
EndGlobal
